
Microsoft Visual Studio Solution File, Format Version 12.00
# Visual Studio Version 17
VisualStudioVersion = 17.4.33403.182
MinimumVisualStudioVersion = 10.0.40219.1
Project("{9A19103F-16F7-4668-BE54-9A1E7A4F7556}") = "Singleton", "Singleton\Singleton.csproj", "{28926432-D863-4D43-A9CD-95AF4CE53966}"
EndProject
Project("{9A19103F-16F7-4668-BE54-9A1E7A4F7556}") = "MediatorDemo", "MediatorDemo\MediatorDemo.csproj", "{58870170-EEF3-43B1-AEB9-1BDBDF97441D}"
EndProject
Project("{9A19103F-16F7-4668-BE54-9A1E7A4F7556}") = "BridgePatternDemo", "BridgePatternDemo\BridgePatternDemo.csproj", "{BA6F84C3-6E37-46AB-8D5D-06B11CD93CE9}"
EndProject
Project("{9A19103F-16F7-4668-BE54-9A1E7A4F7556}") = "ObserverPatternDemo", "ObserverPatternDemo\ObserverPatternDemo.csproj", "{247999A7-8BCE-4A64-97C1-F55FB5C9AF5E}"
EndProject
Project("{FAE04EC0-301F-11D3-BF4B-00C04F79EFBC}") = "StrategyDemo", "StrategyDemo\StrategyDemo.csproj", "{8FBA5A67-80D4-4200-ACB5-5779819F556A}"
EndProject
Global
	GlobalSection(SolutionConfigurationPlatforms) = preSolution
		Debug|Any CPU = Debug|Any CPU
		Release|Any CPU = Release|Any CPU
	EndGlobalSection
	GlobalSection(ProjectConfigurationPlatforms) = postSolution
		{28926432-D863-4D43-A9CD-95AF4CE53966}.Debug|Any CPU.ActiveCfg = Debug|Any CPU
		{28926432-D863-4D43-A9CD-95AF4CE53966}.Debug|Any CPU.Build.0 = Debug|Any CPU
		{28926432-D863-4D43-A9CD-95AF4CE53966}.Release|Any CPU.ActiveCfg = Release|Any CPU
		{28926432-D863-4D43-A9CD-95AF4CE53966}.Release|Any CPU.Build.0 = Release|Any CPU
		{58870170-EEF3-43B1-AEB9-1BDBDF97441D}.Debug|Any CPU.ActiveCfg = Debug|Any CPU
		{58870170-EEF3-43B1-AEB9-1BDBDF97441D}.Debug|Any CPU.Build.0 = Debug|Any CPU
		{58870170-EEF3-43B1-AEB9-1BDBDF97441D}.Release|Any CPU.ActiveCfg = Release|Any CPU
		{58870170-EEF3-43B1-AEB9-1BDBDF97441D}.Release|Any CPU.Build.0 = Release|Any CPU
		{BA6F84C3-6E37-46AB-8D5D-06B11CD93CE9}.Debug|Any CPU.ActiveCfg = Debug|Any CPU
		{BA6F84C3-6E37-46AB-8D5D-06B11CD93CE9}.Debug|Any CPU.Build.0 = Debug|Any CPU
		{BA6F84C3-6E37-46AB-8D5D-06B11CD93CE9}.Release|Any CPU.ActiveCfg = Release|Any CPU
		{BA6F84C3-6E37-46AB-8D5D-06B11CD93CE9}.Release|Any CPU.Build.0 = Release|Any CPU
		{247999A7-8BCE-4A64-97C1-F55FB5C9AF5E}.Debug|Any CPU.ActiveCfg = Debug|Any CPU
		{247999A7-8BCE-4A64-97C1-F55FB5C9AF5E}.Debug|Any CPU.Build.0 = Debug|Any CPU
		{247999A7-8BCE-4A64-97C1-F55FB5C9AF5E}.Release|Any CPU.ActiveCfg = Release|Any CPU
		{247999A7-8BCE-4A64-97C1-F55FB5C9AF5E}.Release|Any CPU.Build.0 = Release|Any CPU
		{8FBA5A67-80D4-4200-ACB5-5779819F556A}.Debug|Any CPU.ActiveCfg = Debug|Any CPU
		{8FBA5A67-80D4-4200-ACB5-5779819F556A}.Debug|Any CPU.Build.0 = Debug|Any CPU
		{8FBA5A67-80D4-4200-ACB5-5779819F556A}.Release|Any CPU.ActiveCfg = Release|Any CPU
		{8FBA5A67-80D4-4200-ACB5-5779819F556A}.Release|Any CPU.Build.0 = Release|Any CPU
	EndGlobalSection
	GlobalSection(SolutionProperties) = preSolution
		HideSolutionNode = FALSE
	EndGlobalSection
	GlobalSection(ExtensibilityGlobals) = postSolution
		SolutionGuid = {8B5C64F6-EF44-4F86-846E-04A88231D908}
	EndGlobalSection
EndGlobal
